{
  "name": "primary",
  "lockfileVersion": 3,
  "requires": true,
  "packages": {
    "": {
      "dependencies": {
        "@vercel/analytics": "^1.4.0",
        "page-flip": "^2.0.7"
      }
    },
    "node_modules/@vercel/analytics": {
      "version": "1.6.1",
      "resolved": "https://registry.npmjs.org/@vercel/analytics/-/analytics-1.6.1.tgz",
      "integrity": "sha512-oH9He/bEM+6oKlv3chWuOOcp8Y6fo6/PSro8hEkgCW3pu9/OiCXiUpRUogDh3Fs3LH2sosDrx8CxeOLBEE+afg==",
      "license": "MPL-2.0",
      "peerDependencies": {
        "@remix-run/react": "^2",
        "@sveltejs/kit": "^1 || ^2",
        "next": ">= 13",
        "react": "^18 || ^19 || ^19.0.0-rc",
        "svelte": ">= 4",
        "vue": "^3",
        "vue-router": "^4"
      },
      "peerDependenciesMeta": {
        "@remix-run/react": {
          "optional": true
        },
        "@sveltejs/kit": {
          "optional": true
        },
        "next": {
          "optional": true
        },
        "react": {
          "optional": true
        },
        "svelte": {
          "optional": true
        },
        "vue": {
          "optional": true
        },
        "vue-router": {
          "optional": true
        }
      }
    },
    "node_modules/page-flip": {
      "version": "2.0.7",
      "resolved": "https://registry.npmjs.org/page-flip/-/page-flip-2.0.7.tgz",
      "integrity": "sha512-96lQFUUz7r/LZzEUZJ3yBIMEKU9+m8HMFDzTvTdD6P7Ag/wXINjp9n0W7b4wanwnDbQETo4uNUoL3zMqpFxwGA==",
      "license": "MIT"
    }
  }
}
